
Microsoft Visual Studio Solution File, Format Version 12.00
# Visual Studio Version 16
VisualStudioVersion = 16.0.29728.190
MinimumVisualStudioVersion = 10.0.40219.1
Project("{9A19103F-16F7-4668-BE54-9A1E7A4F7556}") = "HelloWorld", "HelloWorld\HelloWorld.csproj", "{207D2189-4B1C-4FA5-9EAC-1FA78E7E652D}"
EndProject
Project("{9A19103F-16F7-4668-BE54-9A1E7A4F7556}") = "BaseGreeter", "BaseGreeter\BaseGreeter.csproj", "{45E4C15D-FBF7-4966-B458-48A726FB5E4F}"
EndProject
Project("{9A19103F-16F7-4668-BE54-9A1E7A4F7556}") = "Greeter", "Greeter\Greeter.csproj", "{BB673645-0F5B-49F6-AF52-07F9EBD12FED}"
EndProject
Project("{2150E333-8FDC-42A3-9474-1A3956D46DE8}") = "test", "test", "{207ACD03-09F8-4A7A-B55E-D89280D662AB}"
EndProject
Project("{FAE04EC0-301F-11D3-BF4B-00C04F79EFBC}") = "GreeterTest", "GreeterTest\GreeterTest.csproj", "{EB999C71-B27B-4DF5-AAFA-37150AE411C0}"
EndProject
Global
	GlobalSection(SolutionConfigurationPlatforms) = preSolution
		Debug|Any CPU = Debug|Any CPU
		Release|Any CPU = Release|Any CPU
	EndGlobalSection
	GlobalSection(ProjectConfigurationPlatforms) = postSolution
		{207D2189-4B1C-4FA5-9EAC-1FA78E7E652D}.Debug|Any CPU.ActiveCfg = Debug|Any CPU
		{207D2189-4B1C-4FA5-9EAC-1FA78E7E652D}.Debug|Any CPU.Build.0 = Debug|Any CPU
		{207D2189-4B1C-4FA5-9EAC-1FA78E7E652D}.Release|Any CPU.ActiveCfg = Release|Any CPU
		{207D2189-4B1C-4FA5-9EAC-1FA78E7E652D}.Release|Any CPU.Build.0 = Release|Any CPU
		{45E4C15D-FBF7-4966-B458-48A726FB5E4F}.Debug|Any CPU.ActiveCfg = Debug|Any CPU
		{45E4C15D-FBF7-4966-B458-48A726FB5E4F}.Debug|Any CPU.Build.0 = Debug|Any CPU
		{45E4C15D-FBF7-4966-B458-48A726FB5E4F}.Release|Any CPU.ActiveCfg = Release|Any CPU
		{45E4C15D-FBF7-4966-B458-48A726FB5E4F}.Release|Any CPU.Build.0 = Release|Any CPU
		{BB673645-0F5B-49F6-AF52-07F9EBD12FED}.Debug|Any CPU.ActiveCfg = Debug|Any CPU
		{BB673645-0F5B-49F6-AF52-07F9EBD12FED}.Debug|Any CPU.Build.0 = Debug|Any CPU
		{BB673645-0F5B-49F6-AF52-07F9EBD12FED}.Release|Any CPU.ActiveCfg = Release|Any CPU
		{BB673645-0F5B-49F6-AF52-07F9EBD12FED}.Release|Any CPU.Build.0 = Release|Any CPU
		{EB999C71-B27B-4DF5-AAFA-37150AE411C0}.Debug|Any CPU.ActiveCfg = Debug|Any CPU
		{EB999C71-B27B-4DF5-AAFA-37150AE411C0}.Debug|Any CPU.Build.0 = Debug|Any CPU
		{EB999C71-B27B-4DF5-AAFA-37150AE411C0}.Release|Any CPU.ActiveCfg = Release|Any CPU
		{EB999C71-B27B-4DF5-AAFA-37150AE411C0}.Release|Any CPU.Build.0 = Release|Any CPU
	EndGlobalSection
	GlobalSection(SolutionProperties) = preSolution
		HideSolutionNode = FALSE
	EndGlobalSection
	GlobalSection(NestedProjects) = preSolution
		{EB999C71-B27B-4DF5-AAFA-37150AE411C0} = {207ACD03-09F8-4A7A-B55E-D89280D662AB}
	EndGlobalSection
	GlobalSection(ExtensibilityGlobals) = postSolution
		SolutionGuid = {87D89782-AADF-4017-87BA-13A65E982AE6}
	EndGlobalSection
EndGlobal
